// !$*UTF8*$!
{
	archiveVersion = 1;
	classes = {
	};
	objectVersion = 70;
	objects = {

/* Begin PBXBuildFile section */
		3C2A71802C7A81C3008E0CCB /* TrackerStore.swift in Sources */ = {isa = PBXBuildFile; fileRef = 3C2A717F2C7A81C3008E0CCB /* TrackerStore.swift */; };
		3C2A71822C7A81FA008E0CCB /* TrackerCategoryStore.swift in Sources */ = {isa = PBXBuildFile; fileRef = 3C2A71812C7A81FA008E0CCB /* TrackerCategoryStore.swift */; };
		3C2A71842C7A8210008E0CCB /* TrackerRecordStore.swift in Sources */ = {isa = PBXBuildFile; fileRef = 3C2A71832C7A8210008E0CCB /* TrackerRecordStore.swift */; };
		3C2E90C22C2B23A00081F7B7 /* AppDelegate.swift in Sources */ = {isa = PBXBuildFile; fileRef = 3C2E90C12C2B23A00081F7B7 /* AppDelegate.swift */; };
		3C2E90C42C2B23A00081F7B7 /* SceneDelegate.swift in Sources */ = {isa = PBXBuildFile; fileRef = 3C2E90C32C2B23A00081F7B7 /* SceneDelegate.swift */; };
		3C2E90C62C2B23A00081F7B7 /* TrackersViewController.swift in Sources */ = {isa = PBXBuildFile; fileRef = 3C2E90C52C2B23A00081F7B7 /* TrackersViewController.swift */; };
		3C2E90CB2C2B23A10081F7B7 /* Assets.xcassets in Resources */ = {isa = PBXBuildFile; fileRef = 3C2E90CA2C2B23A10081F7B7 /* Assets.xcassets */; };
		3C2E90CE2C2B23A10081F7B7 /* Base in Resources */ = {isa = PBXBuildFile; fileRef = 3C2E90CD2C2B23A10081F7B7 /* Base */; };
		3C2E91BA2C373A690081F7B7 /* SF-Pro.ttf in Resources */ = {isa = PBXBuildFile; fileRef = 3C2E91B92C373A690081F7B7 /* SF-Pro.ttf */; };
		3C2E91BC2C3751880081F7B7 /* TabBarViewController.swift in Sources */ = {isa = PBXBuildFile; fileRef = 3C2E91BB2C3751880081F7B7 /* TabBarViewController.swift */; };
		3C2E91BE2C37521D0081F7B7 /* StatisticViewController.swift in Sources */ = {isa = PBXBuildFile; fileRef = 3C2E91BD2C37521D0081F7B7 /* StatisticViewController.swift */; };
		3C2E91FD2C393B160081F7B7 /* Tracker.swift in Sources */ = {isa = PBXBuildFile; fileRef = 3C2E91FC2C393B160081F7B7 /* Tracker.swift */; };
		3C2E91FF2C393D0B0081F7B7 /* TrackerCategory.swift in Sources */ = {isa = PBXBuildFile; fileRef = 3C2E91FE2C393D0B0081F7B7 /* TrackerCategory.swift */; };
		3C2E92012C393E7F0081F7B7 /* TrackerRecord.swift in Sources */ = {isa = PBXBuildFile; fileRef = 3C2E92002C393E7F0081F7B7 /* TrackerRecord.swift */; };
		3C2E92032C3C82AF0081F7B7 /* CreateTrackerViewController.swift in Sources */ = {isa = PBXBuildFile; fileRef = 3C2E92022C3C82AF0081F7B7 /* CreateTrackerViewController.swift */; };
		3C2E92052C3C83460081F7B7 /* CreateHabitViewController.swift in Sources */ = {isa = PBXBuildFile; fileRef = 3C2E92042C3C83460081F7B7 /* CreateHabitViewController.swift */; };
		3C94D6EA2CA2428D0004A62A /* CategoryViewModel.swift in Sources */ = {isa = PBXBuildFile; fileRef = 3C94D6E92CA2428D0004A62A /* CategoryViewModel.swift */; };
		3C9B79D82CA58E5800141D4D /* FilterViewController.swift in Sources */ = {isa = PBXBuildFile; fileRef = 3C9B79D72CA58E5800141D4D /* FilterViewController.swift */; };
		3C9B79DA2CA591EB00141D4D /* FilterChangeDelegate.swift in Sources */ = {isa = PBXBuildFile; fileRef = 3C9B79D92CA591EB00141D4D /* FilterChangeDelegate.swift */; };
		3CB90D112C3E56DF0074BD2D /* CreateTemporaryEventViewController.swift in Sources */ = {isa = PBXBuildFile; fileRef = 3CB90D102C3E56DF0074BD2D /* CreateTemporaryEventViewController.swift */; };
		3CB90D142C3E597E0074BD2D /* CustomTableViewCell.swift in Sources */ = {isa = PBXBuildFile; fileRef = 3CB90D132C3E597E0074BD2D /* CustomTableViewCell.swift */; };
		3CB90D172C413C3D0074BD2D /* SheduleViewController.swift in Sources */ = {isa = PBXBuildFile; fileRef = 3CB90D162C413C3D0074BD2D /* SheduleViewController.swift */; };
		3CB90D192C4143F60074BD2D /* SheduleTableViewCell.swift in Sources */ = {isa = PBXBuildFile; fileRef = 3CB90D182C4143F60074BD2D /* SheduleTableViewCell.swift */; };
		3CB90D1B2C4153AD0074BD2D /* CategoryViewController.swift in Sources */ = {isa = PBXBuildFile; fileRef = 3CB90D1A2C4153AD0074BD2D /* CategoryViewController.swift */; };
		3CB90D1D2C41CDCE0074BD2D /* AddNewCategoryViewController.swift in Sources */ = {isa = PBXBuildFile; fileRef = 3CB90D1C2C41CDCE0074BD2D /* AddNewCategoryViewController.swift */; };
		3CC713152CA89C8900CB3DD1 /* EditCategoryViewController.swift in Sources */ = {isa = PBXBuildFile; fileRef = 3CC713142CA89C8900CB3DD1 /* EditCategoryViewController.swift */; };
		3CC713172CA89E0800CB3DD1 /* EditCategoryDelegate.swift in Sources */ = {isa = PBXBuildFile; fileRef = 3CC713162CA89E0800CB3DD1 /* EditCategoryDelegate.swift */; };
		3CD336262C89C71000784414 /* CategoryProviderProtocol.swift in Sources */ = {isa = PBXBuildFile; fileRef = 3CD336252C89C71000784414 /* CategoryProviderProtocol.swift */; };
		3CD336282C89C97700784414 /* ProviderDelegate.swift in Sources */ = {isa = PBXBuildFile; fileRef = 3CD336272C89C97700784414 /* ProviderDelegate.swift */; };
		3CD3362A2C89CC4F00784414 /* NewCategoryDelegate.swift in Sources */ = {isa = PBXBuildFile; fileRef = 3CD336292C89CC4F00784414 /* NewCategoryDelegate.swift */; };
		3CD3362C2C8AF58700784414 /* TrackerProviderProtocol.swift in Sources */ = {isa = PBXBuildFile; fileRef = 3CD3362B2C8AF58700784414 /* TrackerProviderProtocol.swift */; };
		3CD3362E2C8AF93C00784414 /* NewTrackerDelegate.swift in Sources */ = {isa = PBXBuildFile; fileRef = 3CD3362D2C8AF93C00784414 /* NewTrackerDelegate.swift */; };
		3CD336302C8B021100784414 /* UIColorMarshalling.swift in Sources */ = {isa = PBXBuildFile; fileRef = 3CD3362F2C8B021100784414 /* UIColorMarshalling.swift */; };
		3CDE2FCA2CA0E64400FD3D06 /* Model.xcdatamodeld in Sources */ = {isa = PBXBuildFile; fileRef = 3CDE2FC82CA0E64400FD3D06 /* Model.xcdatamodeld */; };
		3CDE2FCB2CA0E64400FD3D06 /* Model.xcdatamodeld in Sources */ = {isa = PBXBuildFile; fileRef = 3CDE2FC82CA0E64400FD3D06 /* Model.xcdatamodeld */; };
		3CDE2FCC2CA0E64400FD3D06 /* Model.xcdatamodeld in Sources */ = {isa = PBXBuildFile; fileRef = 3CDE2FC82CA0E64400FD3D06 /* Model.xcdatamodeld */; };
		3CE1CB022C43E4A2007E96CB /* CategoriesTableViewCell.swift in Sources */ = {isa = PBXBuildFile; fileRef = 3CE1CB012C43E4A2007E96CB /* CategoriesTableViewCell.swift */; };
		3CE1CB052C43EE92007E96CB /* SheduleProtocol.swift in Sources */ = {isa = PBXBuildFile; fileRef = 3CE1CB042C43EE92007E96CB /* SheduleProtocol.swift */; };
		3CE1CB072C43EED8007E96CB /* CategoryProtocol.swift in Sources */ = {isa = PBXBuildFile; fileRef = 3CE1CB062C43EED8007E96CB /* CategoryProtocol.swift */; };
		3CE1CB0E2C4428E0007E96CB /* CloseControllerProtocol.swift in Sources */ = {isa = PBXBuildFile; fileRef = 3CE1CB0D2C4428E0007E96CB /* CloseControllerProtocol.swift */; };
		3CE1CB102C4532F4007E96CB /* TrackersCollectionViewCell.swift in Sources */ = {isa = PBXBuildFile; fileRef = 3CE1CB0F2C4532F4007E96CB /* TrackersCollectionViewCell.swift */; };
		3CE1CB132C486CAD007E96CB /* CollectionViewHeaders.swift in Sources */ = {isa = PBXBuildFile; fileRef = 3CE1CB122C486CAD007E96CB /* CollectionViewHeaders.swift */; };
		3CE1CB1D2C4E3D02007E96CB /* TrackerRecordProtocol.swift in Sources */ = {isa = PBXBuildFile; fileRef = 3CE1CB1C2C4E3D02007E96CB /* TrackerRecordProtocol.swift */; };
		3CE1CB712C71CCFC007E96CB /* CustomEmojiCell.swift in Sources */ = {isa = PBXBuildFile; fileRef = 3CE1CB702C71CCFC007E96CB /* CustomEmojiCell.swift */; };
		3CE1CB732C748CC3007E96CB /* CustomColorCell.swift in Sources */ = {isa = PBXBuildFile; fileRef = 3CE1CB722C748CC3007E96CB /* CustomColorCell.swift */; };
		3CF46DFA2C9B7BFA00F3AFCC /* RecordProviderProtocol.swift in Sources */ = {isa = PBXBuildFile; fileRef = 3CF46DF92C9B7BFA00F3AFCC /* RecordProviderProtocol.swift */; };
/* End PBXBuildFile section */

/* Begin PBXContainerItemProxy section */
		3C2E90D52C2B23A20081F7B7 /* PBXContainerItemProxy */ = {
			isa = PBXContainerItemProxy;
			containerPortal = 3C2E90B62C2B23A00081F7B7 /* Project object */;
			proxyType = 1;
			remoteGlobalIDString = 3C2E90BD2C2B23A00081F7B7;
			remoteInfo = Tracker;
		};
		3C2E90DF2C2B23A20081F7B7 /* PBXContainerItemProxy */ = {
			isa = PBXContainerItemProxy;
			containerPortal = 3C2E90B62C2B23A00081F7B7 /* Project object */;
			proxyType = 1;
			remoteGlobalIDString = 3C2E90BD2C2B23A00081F7B7;
			remoteInfo = Tracker;
		};
/* End PBXContainerItemProxy section */

/* Begin PBXFileReference section */
		3C2A717F2C7A81C3008E0CCB /* TrackerStore.swift */ = {isa = PBXFileReference; lastKnownFileType = sourcecode.swift; path = TrackerStore.swift; sourceTree = "<group>"; };
		3C2A71812C7A81FA008E0CCB /* TrackerCategoryStore.swift */ = {isa = PBXFileReference; lastKnownFileType = sourcecode.swift; path = TrackerCategoryStore.swift; sourceTree = "<group>"; };
		3C2A71832C7A8210008E0CCB /* TrackerRecordStore.swift */ = {isa = PBXFileReference; lastKnownFileType = sourcecode.swift; path = TrackerRecordStore.swift; sourceTree = "<group>"; };
		3C2E90BE2C2B23A00081F7B7 /* Tracker.app */ = {isa = PBXFileReference; explicitFileType = wrapper.application; includeInIndex = 0; path = Tracker.app; sourceTree = BUILT_PRODUCTS_DIR; };
		3C2E90C12C2B23A00081F7B7 /* AppDelegate.swift */ = {isa = PBXFileReference; lastKnownFileType = sourcecode.swift; path = AppDelegate.swift; sourceTree = "<group>"; };
		3C2E90C32C2B23A00081F7B7 /* SceneDelegate.swift */ = {isa = PBXFileReference; lastKnownFileType = sourcecode.swift; path = SceneDelegate.swift; sourceTree = "<group>"; };
		3C2E90C52C2B23A00081F7B7 /* TrackersViewController.swift */ = {isa = PBXFileReference; lastKnownFileType = sourcecode.swift; path = TrackersViewController.swift; sourceTree = "<group>"; };
		3C2E90CA2C2B23A10081F7B7 /* Assets.xcassets */ = {isa = PBXFileReference; lastKnownFileType = folder.assetcatalog; path = Assets.xcassets; sourceTree = "<group>"; };
		3C2E90CD2C2B23A10081F7B7 /* Base */ = {isa = PBXFileReference; lastKnownFileType = file.storyboard; name = Base; path = Base.lproj/LaunchScreen.storyboard; sourceTree = "<group>"; };
		3C2E90CF2C2B23A10081F7B7 /* Info.plist */ = {isa = PBXFileReference; lastKnownFileType = text.plist.xml; path = Info.plist; sourceTree = "<group>"; };
		3C2E90D42C2B23A20081F7B7 /* TrackerTests.xctest */ = {isa = PBXFileReference; explicitFileType = wrapper.cfbundle; includeInIndex = 0; path = TrackerTests.xctest; sourceTree = BUILT_PRODUCTS_DIR; };
		3C2E90DE2C2B23A20081F7B7 /* TrackerUITests.xctest */ = {isa = PBXFileReference; explicitFileType = wrapper.cfbundle; includeInIndex = 0; path = TrackerUITests.xctest; sourceTree = BUILT_PRODUCTS_DIR; };
		3C2E91B92C373A690081F7B7 /* SF-Pro.ttf */ = {isa = PBXFileReference; lastKnownFileType = file; path = "SF-Pro.ttf"; sourceTree = "<group>"; };
		3C2E91BB2C3751880081F7B7 /* TabBarViewController.swift */ = {isa = PBXFileReference; lastKnownFileType = sourcecode.swift; path = TabBarViewController.swift; sourceTree = "<group>"; };
		3C2E91BD2C37521D0081F7B7 /* StatisticViewController.swift */ = {isa = PBXFileReference; lastKnownFileType = sourcecode.swift; path = StatisticViewController.swift; sourceTree = "<group>"; };
		3C2E91FC2C393B160081F7B7 /* Tracker.swift */ = {isa = PBXFileReference; lastKnownFileType = sourcecode.swift; path = Tracker.swift; sourceTree = "<group>"; };
		3C2E91FE2C393D0B0081F7B7 /* TrackerCategory.swift */ = {isa = PBXFileReference; lastKnownFileType = sourcecode.swift; path = TrackerCategory.swift; sourceTree = "<group>"; };
		3C2E92002C393E7F0081F7B7 /* TrackerRecord.swift */ = {isa = PBXFileReference; lastKnownFileType = sourcecode.swift; path = TrackerRecord.swift; sourceTree = "<group>"; };
		3C2E92022C3C82AF0081F7B7 /* CreateTrackerViewController.swift */ = {isa = PBXFileReference; lastKnownFileType = sourcecode.swift; path = CreateTrackerViewController.swift; sourceTree = "<group>"; };
		3C2E92042C3C83460081F7B7 /* CreateHabitViewController.swift */ = {isa = PBXFileReference; lastKnownFileType = sourcecode.swift; path = CreateHabitViewController.swift; sourceTree = "<group>"; };
		3C94D6E92CA2428D0004A62A /* CategoryViewModel.swift */ = {isa = PBXFileReference; lastKnownFileType = sourcecode.swift; path = CategoryViewModel.swift; sourceTree = "<group>"; };
		3C9B79D72CA58E5800141D4D /* FilterViewController.swift */ = {isa = PBXFileReference; lastKnownFileType = sourcecode.swift; path = FilterViewController.swift; sourceTree = "<group>"; };
		3C9B79D92CA591EB00141D4D /* FilterChangeDelegate.swift */ = {isa = PBXFileReference; lastKnownFileType = sourcecode.swift; path = FilterChangeDelegate.swift; sourceTree = "<group>"; };
		3CB90D102C3E56DF0074BD2D /* CreateTemporaryEventViewController.swift */ = {isa = PBXFileReference; lastKnownFileType = sourcecode.swift; path = CreateTemporaryEventViewController.swift; sourceTree = "<group>"; };
		3CB90D132C3E597E0074BD2D /* CustomTableViewCell.swift */ = {isa = PBXFileReference; lastKnownFileType = sourcecode.swift; path = CustomTableViewCell.swift; sourceTree = "<group>"; };
		3CB90D162C413C3D0074BD2D /* SheduleViewController.swift */ = {isa = PBXFileReference; lastKnownFileType = sourcecode.swift; path = SheduleViewController.swift; sourceTree = "<group>"; };
		3CB90D182C4143F60074BD2D /* SheduleTableViewCell.swift */ = {isa = PBXFileReference; lastKnownFileType = sourcecode.swift; path = SheduleTableViewCell.swift; sourceTree = "<group>"; };
		3CB90D1A2C4153AD0074BD2D /* CategoryViewController.swift */ = {isa = PBXFileReference; lastKnownFileType = sourcecode.swift; path = CategoryViewController.swift; sourceTree = "<group>"; };
		3CB90D1C2C41CDCE0074BD2D /* AddNewCategoryViewController.swift */ = {isa = PBXFileReference; lastKnownFileType = sourcecode.swift; path = AddNewCategoryViewController.swift; sourceTree = "<group>"; };
		3CC713142CA89C8900CB3DD1 /* EditCategoryViewController.swift */ = {isa = PBXFileReference; lastKnownFileType = sourcecode.swift; path = EditCategoryViewController.swift; sourceTree = "<group>"; };
		3CC713162CA89E0800CB3DD1 /* EditCategoryDelegate.swift */ = {isa = PBXFileReference; lastKnownFileType = sourcecode.swift; path = EditCategoryDelegate.swift; sourceTree = "<group>"; };
		3CD336252C89C71000784414 /* CategoryProviderProtocol.swift */ = {isa = PBXFileReference; lastKnownFileType = sourcecode.swift; path = CategoryProviderProtocol.swift; sourceTree = "<group>"; };
		3CD336272C89C97700784414 /* ProviderDelegate.swift */ = {isa = PBXFileReference; lastKnownFileType = sourcecode.swift; path = ProviderDelegate.swift; sourceTree = "<group>"; };
		3CD336292C89CC4F00784414 /* NewCategoryDelegate.swift */ = {isa = PBXFileReference; lastKnownFileType = sourcecode.swift; path = NewCategoryDelegate.swift; sourceTree = "<group>"; };
		3CD3362B2C8AF58700784414 /* TrackerProviderProtocol.swift */ = {isa = PBXFileReference; lastKnownFileType = sourcecode.swift; path = TrackerProviderProtocol.swift; sourceTree = "<group>"; };
		3CD3362D2C8AF93C00784414 /* NewTrackerDelegate.swift */ = {isa = PBXFileReference; lastKnownFileType = sourcecode.swift; path = NewTrackerDelegate.swift; sourceTree = "<group>"; };
		3CD3362F2C8B021100784414 /* UIColorMarshalling.swift */ = {isa = PBXFileReference; lastKnownFileType = sourcecode.swift; path = UIColorMarshalling.swift; sourceTree = "<group>"; };
		3CDE2FC92CA0E64400FD3D06 /* Model.xcdatamodel */ = {isa = PBXFileReference; lastKnownFileType = wrapper.xcdatamodel; path = Model.xcdatamodel; sourceTree = "<group>"; };
		3CE1CB012C43E4A2007E96CB /* CategoriesTableViewCell.swift */ = {isa = PBXFileReference; lastKnownFileType = sourcecode.swift; path = CategoriesTableViewCell.swift; sourceTree = "<group>"; };
		3CE1CB042C43EE92007E96CB /* SheduleProtocol.swift */ = {isa = PBXFileReference; lastKnownFileType = sourcecode.swift; path = SheduleProtocol.swift; sourceTree = "<group>"; };
		3CE1CB062C43EED8007E96CB /* CategoryProtocol.swift */ = {isa = PBXFileReference; lastKnownFileType = sourcecode.swift; path = CategoryProtocol.swift; sourceTree = "<group>"; };
		3CE1CB0D2C4428E0007E96CB /* CloseControllerProtocol.swift */ = {isa = PBXFileReference; lastKnownFileType = sourcecode.swift; path = CloseControllerProtocol.swift; sourceTree = "<group>"; };
		3CE1CB0F2C4532F4007E96CB /* TrackersCollectionViewCell.swift */ = {isa = PBXFileReference; lastKnownFileType = sourcecode.swift; path = TrackersCollectionViewCell.swift; sourceTree = "<group>"; };
		3CE1CB122C486CAD007E96CB /* CollectionViewHeaders.swift */ = {isa = PBXFileReference; lastKnownFileType = sourcecode.swift; path = CollectionViewHeaders.swift; sourceTree = "<group>"; };
		3CE1CB1C2C4E3D02007E96CB /* TrackerRecordProtocol.swift */ = {isa = PBXFileReference; lastKnownFileType = sourcecode.swift; path = TrackerRecordProtocol.swift; sourceTree = "<group>"; };
		3CE1CB702C71CCFC007E96CB /* CustomEmojiCell.swift */ = {isa = PBXFileReference; lastKnownFileType = sourcecode.swift; path = CustomEmojiCell.swift; sourceTree = "<group>"; };
		3CE1CB722C748CC3007E96CB /* CustomColorCell.swift */ = {isa = PBXFileReference; lastKnownFileType = sourcecode.swift; path = CustomColorCell.swift; sourceTree = "<group>"; };
		3CF46DF92C9B7BFA00F3AFCC /* RecordProviderProtocol.swift */ = {isa = PBXFileReference; lastKnownFileType = sourcecode.swift; path = RecordProviderProtocol.swift; sourceTree = "<group>"; };
/* End PBXFileReference section */

/* Begin PBXFileSystemSynchronizedRootGroup section */
		3C89A8A32CA21C4A002299C6 /* Onboarding */ = {isa = PBXFileSystemSynchronizedRootGroup; explicitFileTypes = {}; explicitFolders = (); path = Onboarding; sourceTree = "<group>"; };
/* End PBXFileSystemSynchronizedRootGroup section */

/* Begin PBXFrameworksBuildPhase section */
		3C2E90BB2C2B23A00081F7B7 /* Frameworks */ = {
			isa = PBXFrameworksBuildPhase;
			buildActionMask = 2147483647;
			files = (
			);
			runOnlyForDeploymentPostprocessing = 0;
		};
		3C2E90D12C2B23A20081F7B7 /* Frameworks */ = {
			isa = PBXFrameworksBuildPhase;
			buildActionMask = 2147483647;
			files = (
			);
			runOnlyForDeploymentPostprocessing = 0;
		};
		3C2E90DB2C2B23A20081F7B7 /* Frameworks */ = {
			isa = PBXFrameworksBuildPhase;
			buildActionMask = 2147483647;
			files = (
			);
			runOnlyForDeploymentPostprocessing = 0;
		};
/* End PBXFrameworksBuildPhase section */

/* Begin PBXGroup section */
		3C2E90B52C2B23A00081F7B7 = {
			isa = PBXGroup;
			children = (
				3CDE2FC82CA0E64400FD3D06 /* Model.xcdatamodeld */,
				3C2E90C02C2B23A00081F7B7 /* Tracker */,
				3C2E90BF2C2B23A00081F7B7 /* Products */,
			);
			sourceTree = "<group>";
		};
		3C2E90BF2C2B23A00081F7B7 /* Products */ = {
			isa = PBXGroup;
			children = (
				3C2E90BE2C2B23A00081F7B7 /* Tracker.app */,
				3C2E90D42C2B23A20081F7B7 /* TrackerTests.xctest */,
				3C2E90DE2C2B23A20081F7B7 /* TrackerUITests.xctest */,
			);
			name = Products;
			sourceTree = "<group>";
		};
		3C2E90C02C2B23A00081F7B7 /* Tracker */ = {
			isa = PBXGroup;
			children = (
				3C89A8A32CA21C4A002299C6 /* Onboarding */,
				3CE1CB112C45333A007E96CB /* Trackers */,
				3CE1CB0C2C442679007E96CB /* Shedule */,
				3CE1CB032C43EE81007E96CB /* Protocols */,
				3CB90D1E2C41CDD50074BD2D /* Category */,
				3CB90D152C3E76920074BD2D /* Base */,
				3CB90D122C3E594C0074BD2D /* CreateEvent */,
				3C2E91FB2C393AE60081F7B7 /* Models */,
				3C2E91B82C373A450081F7B7 /* Fonts */,
				3C2E91BB2C3751880081F7B7 /* TabBarViewController.swift */,
				3C2E91BD2C37521D0081F7B7 /* StatisticViewController.swift */,
				3C2E92022C3C82AF0081F7B7 /* CreateTrackerViewController.swift */,
				3C9B79D72CA58E5800141D4D /* FilterViewController.swift */,
				3C2E90CF2C2B23A10081F7B7 /* Info.plist */,
			);
			path = Tracker;
			sourceTree = "<group>";
		};
		3C2E91B82C373A450081F7B7 /* Fonts */ = {
			isa = PBXGroup;
			children = (
				3C2E91B92C373A690081F7B7 /* SF-Pro.ttf */,
			);
			path = Fonts;
			sourceTree = "<group>";
		};
		3C2E91FB2C393AE60081F7B7 /* Models */ = {
			isa = PBXGroup;
			children = (
				3C2E91FC2C393B160081F7B7 /* Tracker.swift */,
				3C2E91FE2C393D0B0081F7B7 /* TrackerCategory.swift */,
				3C2E92002C393E7F0081F7B7 /* TrackerRecord.swift */,
				3C2A717F2C7A81C3008E0CCB /* TrackerStore.swift */,
				3C2A71812C7A81FA008E0CCB /* TrackerCategoryStore.swift */,
				3C2A71832C7A8210008E0CCB /* TrackerRecordStore.swift */,
				3CD3362F2C8B021100784414 /* UIColorMarshalling.swift */,
			);
			path = Models;
			sourceTree = "<group>";
		};
		3CB90D122C3E594C0074BD2D /* CreateEvent */ = {
			isa = PBXGroup;
			children = (
				3CB90D102C3E56DF0074BD2D /* CreateTemporaryEventViewController.swift */,
				3C2E92042C3C83460081F7B7 /* CreateHabitViewController.swift */,
				3CB90D132C3E597E0074BD2D /* CustomTableViewCell.swift */,
				3CE1CB702C71CCFC007E96CB /* CustomEmojiCell.swift */,
				3CE1CB722C748CC3007E96CB /* CustomColorCell.swift */,
			);
			path = CreateEvent;
			sourceTree = "<group>";
		};
		3CB90D152C3E76920074BD2D /* Base */ = {
			isa = PBXGroup;
			children = (
				3C2E90C32C2B23A00081F7B7 /* SceneDelegate.swift */,
				3C2E90C12C2B23A00081F7B7 /* AppDelegate.swift */,
				3C2E90CC2C2B23A10081F7B7 /* LaunchScreen.storyboard */,
				3C2E90CA2C2B23A10081F7B7 /* Assets.xcassets */,
			);
			path = Base;
			sourceTree = "<group>";
		};
		3CB90D1E2C41CDD50074BD2D /* Category */ = {
			isa = PBXGroup;
			children = (
				3CB90D1C2C41CDCE0074BD2D /* AddNewCategoryViewController.swift */,
				3CE1CB012C43E4A2007E96CB /* CategoriesTableViewCell.swift */,
				3CB90D1A2C4153AD0074BD2D /* CategoryViewController.swift */,
				3C94D6E92CA2428D0004A62A /* CategoryViewModel.swift */,
				3CC713142CA89C8900CB3DD1 /* EditCategoryViewController.swift */,
			);
			path = Category;
			sourceTree = "<group>";
		};
		3CE1CB032C43EE81007E96CB /* Protocols */ = {
			isa = PBXGroup;
			children = (
				3CE1CB042C43EE92007E96CB /* SheduleProtocol.swift */,
				3CE1CB062C43EED8007E96CB /* CategoryProtocol.swift */,
				3CE1CB0D2C4428E0007E96CB /* CloseControllerProtocol.swift */,
				3CE1CB1C2C4E3D02007E96CB /* TrackerRecordProtocol.swift */,
				3CD336272C89C97700784414 /* ProviderDelegate.swift */,
				3CD336252C89C71000784414 /* CategoryProviderProtocol.swift */,
				3CD3362B2C8AF58700784414 /* TrackerProviderProtocol.swift */,
				3CF46DF92C9B7BFA00F3AFCC /* RecordProviderProtocol.swift */,
				3CD336292C89CC4F00784414 /* NewCategoryDelegate.swift */,
				3CD3362D2C8AF93C00784414 /* NewTrackerDelegate.swift */,
				3C9B79D92CA591EB00141D4D /* FilterChangeDelegate.swift */,
				3CC713162CA89E0800CB3DD1 /* EditCategoryDelegate.swift */,
			);
			path = Protocols;
			sourceTree = "<group>";
		};
		3CE1CB0C2C442679007E96CB /* Shedule */ = {
			isa = PBXGroup;
			children = (
				3CB90D162C413C3D0074BD2D /* SheduleViewController.swift */,
				3CB90D182C4143F60074BD2D /* SheduleTableViewCell.swift */,
			);
			path = Shedule;
			sourceTree = "<group>";
		};
		3CE1CB112C45333A007E96CB /* Trackers */ = {
			isa = PBXGroup;
			children = (
				3CE1CB0F2C4532F4007E96CB /* TrackersCollectionViewCell.swift */,
				3C2E90C52C2B23A00081F7B7 /* TrackersViewController.swift */,
				3CE1CB122C486CAD007E96CB /* CollectionViewHeaders.swift */,
			);
			path = Trackers;
			sourceTree = "<group>";
		};
/* End PBXGroup section */

/* Begin PBXNativeTarget section */
		3C2E90BD2C2B23A00081F7B7 /* Tracker */ = {
			isa = PBXNativeTarget;
			buildConfigurationList = 3C2E90E82C2B23A20081F7B7 /* Build configuration list for PBXNativeTarget "Tracker" */;
			buildPhases = (
				3C2E90BA2C2B23A00081F7B7 /* Sources */,
				3C2E90BB2C2B23A00081F7B7 /* Frameworks */,
				3C2E90BC2C2B23A00081F7B7 /* Resources */,
			);
			buildRules = (
			);
			dependencies = (
			);
			fileSystemSynchronizedGroups = (
				3C89A8A32CA21C4A002299C6 /* Onboarding */,
			);
			name = Tracker;
			packageProductDependencies = (
			);
			productName = Tracker;
			productReference = 3C2E90BE2C2B23A00081F7B7 /* Tracker.app */;
			productType = "com.apple.product-type.application";
		};
		3C2E90D32C2B23A20081F7B7 /* TrackerTests */ = {
			isa = PBXNativeTarget;
			buildConfigurationList = 3C2E90EB2C2B23A20081F7B7 /* Build configuration list for PBXNativeTarget "TrackerTests" */;
			buildPhases = (
				3C2E90D02C2B23A20081F7B7 /* Sources */,
				3C2E90D12C2B23A20081F7B7 /* Frameworks */,
				3C2E90D22C2B23A20081F7B7 /* Resources */,
			);
			buildRules = (
			);
			dependencies = (
				3C2E90D62C2B23A20081F7B7 /* PBXTargetDependency */,
			);
			fileSystemSynchronizedGroups = (
				3C89A8A32CA21C4A002299C6 /* Onboarding */,
			);
			name = TrackerTests;
			productName = TrackerTests;
			productReference = 3C2E90D42C2B23A20081F7B7 /* TrackerTests.xctest */;
			productType = "com.apple.product-type.bundle.unit-test";
		};
		3C2E90DD2C2B23A20081F7B7 /* TrackerUITests */ = {
			isa = PBXNativeTarget;
			buildConfigurationList = 3C2E90EE2C2B23A20081F7B7 /* Build configuration list for PBXNativeTarget "TrackerUITests" */;
			buildPhases = (
				3C2E90DA2C2B23A20081F7B7 /* Sources */,
				3C2E90DB2C2B23A20081F7B7 /* Frameworks */,
				3C2E90DC2C2B23A20081F7B7 /* Resources */,
			);
			buildRules = (
			);
			dependencies = (
				3C2E90E02C2B23A20081F7B7 /* PBXTargetDependency */,
			);
			fileSystemSynchronizedGroups = (
				3C89A8A32CA21C4A002299C6 /* Onboarding */,
			);
			name = TrackerUITests;
			productName = TrackerUITests;
			productReference = 3C2E90DE2C2B23A20081F7B7 /* TrackerUITests.xctest */;
			productType = "com.apple.product-type.bundle.ui-testing";
		};
/* End PBXNativeTarget section */

/* Begin PBXProject section */
		3C2E90B62C2B23A00081F7B7 /* Project object */ = {
			isa = PBXProject;
			attributes = {
				BuildIndependentTargetsInParallel = 1;
				LastSwiftUpdateCheck = 1540;
				LastUpgradeCheck = 1540;
				TargetAttributes = {
					3C2E90BD2C2B23A00081F7B7 = {
						CreatedOnToolsVersion = 15.4;
					};
					3C2E90D32C2B23A20081F7B7 = {
						CreatedOnToolsVersion = 15.4;
						TestTargetID = 3C2E90BD2C2B23A00081F7B7;
					};
					3C2E90DD2C2B23A20081F7B7 = {
						CreatedOnToolsVersion = 15.4;
						TestTargetID = 3C2E90BD2C2B23A00081F7B7;
					};
				};
			};
			buildConfigurationList = 3C2E90B92C2B23A00081F7B7 /* Build configuration list for PBXProject "Tracker" */;
			compatibilityVersion = "Xcode 14.0";
			developmentRegion = en;
			hasScannedForEncodings = 0;
			knownRegions = (
				en,
				Base,
			);
			mainGroup = 3C2E90B52C2B23A00081F7B7;
			packageReferences = (
				3CE1CB152C49C48F007E96CB /* XCRemoteSwiftPackageReference "SwiftLint" */,
			);
			productRefGroup = 3C2E90BF2C2B23A00081F7B7 /* Products */;
			projectDirPath = "";
			projectRoot = "";
			targets = (
				3C2E90BD2C2B23A00081F7B7 /* Tracker */,
				3C2E90D32C2B23A20081F7B7 /* TrackerTests */,
				3C2E90DD2C2B23A20081F7B7 /* TrackerUITests */,
			);
		};
/* End PBXProject section */

/* Begin PBXResourcesBuildPhase section */
		3C2E90BC2C2B23A00081F7B7 /* Resources */ = {
			isa = PBXResourcesBuildPhase;
			buildActionMask = 2147483647;
			files = (
				3C2E90CB2C2B23A10081F7B7 /* Assets.xcassets in Resources */,
				3C2E91BA2C373A690081F7B7 /* SF-Pro.ttf in Resources */,
				3C2E90CE2C2B23A10081F7B7 /* Base in Resources */,
			);
			runOnlyForDeploymentPostprocessing = 0;
		};
		3C2E90D22C2B23A20081F7B7 /* Resources */ = {
			isa = PBXResourcesBuildPhase;
			buildActionMask = 2147483647;
			files = (
			);
			runOnlyForDeploymentPostprocessing = 0;
		};
		3C2E90DC2C2B23A20081F7B7 /* Resources */ = {
			isa = PBXResourcesBuildPhase;
			buildActionMask = 2147483647;
			files = (
			);
			runOnlyForDeploymentPostprocessing = 0;
		};
/* End PBXResourcesBuildPhase section */

/* Begin PBXSourcesBuildPhase section */
		3C2E90BA2C2B23A00081F7B7 /* Sources */ = {
			isa = PBXSourcesBuildPhase;
			buildActionMask = 2147483647;
			files = (
				3C2E92032C3C82AF0081F7B7 /* CreateTrackerViewController.swift in Sources */,
				3CB90D1D2C41CDCE0074BD2D /* AddNewCategoryViewController.swift in Sources */,
				3CB90D172C413C3D0074BD2D /* SheduleViewController.swift in Sources */,
				3C2A71802C7A81C3008E0CCB /* TrackerStore.swift in Sources */,
				3CC713172CA89E0800CB3DD1 /* EditCategoryDelegate.swift in Sources */,
				3C2E91FD2C393B160081F7B7 /* Tracker.swift in Sources */,
				3C2E92012C393E7F0081F7B7 /* TrackerRecord.swift in Sources */,
				3CB90D112C3E56DF0074BD2D /* CreateTemporaryEventViewController.swift in Sources */,
				3C2E90C62C2B23A00081F7B7 /* TrackersViewController.swift in Sources */,
				3CD336282C89C97700784414 /* ProviderDelegate.swift in Sources */,
				3CE1CB022C43E4A2007E96CB /* CategoriesTableViewCell.swift in Sources */,
				3C2E91BC2C3751880081F7B7 /* TabBarViewController.swift in Sources */,
				3CD3362C2C8AF58700784414 /* TrackerProviderProtocol.swift in Sources */,
				3CC713152CA89C8900CB3DD1 /* EditCategoryViewController.swift in Sources */,
				3CD3362E2C8AF93C00784414 /* NewTrackerDelegate.swift in Sources */,
				3CB90D142C3E597E0074BD2D /* CustomTableViewCell.swift in Sources */,
				3CE1CB102C4532F4007E96CB /* TrackersCollectionViewCell.swift in Sources */,
				3CF46DFA2C9B7BFA00F3AFCC /* RecordProviderProtocol.swift in Sources */,
				3CB90D192C4143F60074BD2D /* SheduleTableViewCell.swift in Sources */,
				3C2E90C22C2B23A00081F7B7 /* AppDelegate.swift in Sources */,
				3CE1CB1D2C4E3D02007E96CB /* TrackerRecordProtocol.swift in Sources */,
				3CE1CB0E2C4428E0007E96CB /* CloseControllerProtocol.swift in Sources */,
				3C94D6EA2CA2428D0004A62A /* CategoryViewModel.swift in Sources */,
				3CE1CB712C71CCFC007E96CB /* CustomEmojiCell.swift in Sources */,
				3CE1CB072C43EED8007E96CB /* CategoryProtocol.swift in Sources */,
				3CD336262C89C71000784414 /* CategoryProviderProtocol.swift in Sources */,
				3CDE2FCA2CA0E64400FD3D06 /* Model.xcdatamodeld in Sources */,
				3C2A71842C7A8210008E0CCB /* TrackerRecordStore.swift in Sources */,
				3CE1CB132C486CAD007E96CB /* CollectionViewHeaders.swift in Sources */,
				3CD3362A2C89CC4F00784414 /* NewCategoryDelegate.swift in Sources */,
				3CE1CB052C43EE92007E96CB /* SheduleProtocol.swift in Sources */,
				3CB90D1B2C4153AD0074BD2D /* CategoryViewController.swift in Sources */,
				3C2E91BE2C37521D0081F7B7 /* StatisticViewController.swift in Sources */,
				3C2E92052C3C83460081F7B7 /* CreateHabitViewController.swift in Sources */,
				3C9B79D82CA58E5800141D4D /* FilterViewController.swift in Sources */,
				3C2A71822C7A81FA008E0CCB /* TrackerCategoryStore.swift in Sources */,
				3C2E90C42C2B23A00081F7B7 /* SceneDelegate.swift in Sources */,
				3C9B79DA2CA591EB00141D4D /* FilterChangeDelegate.swift in Sources */,
				3C2E91FF2C393D0B0081F7B7 /* TrackerCategory.swift in Sources */,
				3CD336302C8B021100784414 /* UIColorMarshalling.swift in Sources */,
				3CE1CB732C748CC3007E96CB /* CustomColorCell.swift in Sources */,
			);
			runOnlyForDeploymentPostprocessing = 0;
		};
		3C2E90D02C2B23A20081F7B7 /* Sources */ = {
			isa = PBXSourcesBuildPhase;
			buildActionMask = 2147483647;
			files = (
				3CDE2FCC2CA0E64400FD3D06 /* Model.xcdatamodeld in Sources */,
			);
			runOnlyForDeploymentPostprocessing = 0;
		};
		3C2E90DA2C2B23A20081F7B7 /* Sources */ = {
			isa = PBXSourcesBuildPhase;
			buildActionMask = 2147483647;
			files = (
				3CDE2FCB2CA0E64400FD3D06 /* Model.xcdatamodeld in Sources */,
			);
			runOnlyForDeploymentPostprocessing = 0;
		};
/* End PBXSourcesBuildPhase section */

/* Begin PBXTargetDependency section */
		3C2E90D62C2B23A20081F7B7 /* PBXTargetDependency */ = {
			isa = PBXTargetDependency;
			target = 3C2E90BD2C2B23A00081F7B7 /* Tracker */;
			targetProxy = 3C2E90D52C2B23A20081F7B7 /* PBXContainerItemProxy */;
		};
		3C2E90E02C2B23A20081F7B7 /* PBXTargetDependency */ = {
			isa = PBXTargetDependency;
			target = 3C2E90BD2C2B23A00081F7B7 /* Tracker */;
			targetProxy = 3C2E90DF2C2B23A20081F7B7 /* PBXContainerItemProxy */;
		};
/* End PBXTargetDependency section */

/* Begin PBXVariantGroup section */
		3C2E90CC2C2B23A10081F7B7 /* LaunchScreen.storyboard */ = {
			isa = PBXVariantGroup;
			children = (
				3C2E90CD2C2B23A10081F7B7 /* Base */,
			);
			name = LaunchScreen.storyboard;
			sourceTree = "<group>";
		};
/* End PBXVariantGroup section */

/* Begin XCBuildConfiguration section */
		3C2E90E62C2B23A20081F7B7 /* Debug */ = {
			isa = XCBuildConfiguration;
			buildSettings = {
				ALWAYS_SEARCH_USER_PATHS = NO;
				ASSETCATALOG_COMPILER_GENERATE_SWIFT_ASSET_SYMBOL_EXTENSIONS = YES;
				CLANG_ANALYZER_NONNULL = YES;
				CLANG_ANALYZER_NUMBER_OBJECT_CONVERSION = YES_AGGRESSIVE;
				CLANG_CXX_LANGUAGE_STANDARD = "gnu++20";
				CLANG_ENABLE_MODULES = YES;
				CLANG_ENABLE_OBJC_ARC = YES;
				CLANG_ENABLE_OBJC_WEAK = YES;
				CLANG_WARN_BLOCK_CAPTURE_AUTORELEASING = YES;
				CLANG_WARN_BOOL_CONVERSION = YES;
				CLANG_WARN_COMMA = YES;
				CLANG_WARN_CONSTANT_CONVERSION = YES;
				CLANG_WARN_DEPRECATED_OBJC_IMPLEMENTATIONS = YES;
				CLANG_WARN_DIRECT_OBJC_ISA_USAGE = YES_ERROR;
				CLANG_WARN_DOCUMENTATION_COMMENTS = YES;
				CLANG_WARN_EMPTY_BODY = YES;
				CLANG_WARN_ENUM_CONVERSION = YES;
				CLANG_WARN_INFINITE_RECURSION = YES;
				CLANG_WARN_INT_CONVERSION = YES;
				CLANG_WARN_NON_LITERAL_NULL_CONVERSION = YES;
				CLANG_WARN_OBJC_IMPLICIT_RETAIN_SELF = YES;
				CLANG_WARN_OBJC_LITERAL_CONVERSION = YES;
				CLANG_WARN_OBJC_ROOT_CLASS = YES_ERROR;
				CLANG_WARN_QUOTED_INCLUDE_IN_FRAMEWORK_HEADER = YES;
				CLANG_WARN_RANGE_LOOP_ANALYSIS = YES;
				CLANG_WARN_STRICT_PROTOTYPES = YES;
				CLANG_WARN_SUSPICIOUS_MOVE = YES;
				CLANG_WARN_UNGUARDED_AVAILABILITY = YES_AGGRESSIVE;
				CLANG_WARN_UNREACHABLE_CODE = YES;
				CLANG_WARN__DUPLICATE_METHOD_MATCH = YES;
				COPY_PHASE_STRIP = NO;
				DEBUG_INFORMATION_FORMAT = dwarf;
				ENABLE_STRICT_OBJC_MSGSEND = YES;
				ENABLE_TESTABILITY = YES;
				ENABLE_USER_SCRIPT_SANDBOXING = YES;
				GCC_C_LANGUAGE_STANDARD = gnu17;
				GCC_DYNAMIC_NO_PIC = NO;
				GCC_NO_COMMON_BLOCKS = YES;
				GCC_OPTIMIZATION_LEVEL = 0;
				GCC_PREPROCESSOR_DEFINITIONS = (
					"DEBUG=1",
					"$(inherited)",
				);
				GCC_WARN_64_TO_32_BIT_CONVERSION = YES;
				GCC_WARN_ABOUT_RETURN_TYPE = YES_ERROR;
				GCC_WARN_UNDECLARED_SELECTOR = YES;
				GCC_WARN_UNINITIALIZED_AUTOS = YES_AGGRESSIVE;
				GCC_WARN_UNUSED_FUNCTION = YES;
				GCC_WARN_UNUSED_VARIABLE = YES;
				IPHONEOS_DEPLOYMENT_TARGET = 17.5;
				LOCALIZATION_PREFERS_STRING_CATALOGS = YES;
				MTL_ENABLE_DEBUG_INFO = INCLUDE_SOURCE;
				MTL_FAST_MATH = YES;
				ONLY_ACTIVE_ARCH = YES;
				SDKROOT = iphoneos;
				SWIFT_ACTIVE_COMPILATION_CONDITIONS = "DEBUG $(inherited)";
				SWIFT_OPTIMIZATION_LEVEL = "-Onone";
			};
			name = Debug;
		};
		3C2E90E72C2B23A20081F7B7 /* Release */ = {
			isa = XCBuildConfiguration;
			buildSettings = {
				ALWAYS_SEARCH_USER_PATHS = NO;
				ASSETCATALOG_COMPILER_GENERATE_SWIFT_ASSET_SYMBOL_EXTENSIONS = YES;
				CLANG_ANALYZER_NONNULL = YES;
				CLANG_ANALYZER_NUMBER_OBJECT_CONVERSION = YES_AGGRESSIVE;
				CLANG_CXX_LANGUAGE_STANDARD = "gnu++20";
				CLANG_ENABLE_MODULES = YES;
				CLANG_ENABLE_OBJC_ARC = YES;
				CLANG_ENABLE_OBJC_WEAK = YES;
				CLANG_WARN_BLOCK_CAPTURE_AUTORELEASING = YES;
				CLANG_WARN_BOOL_CONVERSION = YES;
				CLANG_WARN_COMMA = YES;
				CLANG_WARN_CONSTANT_CONVERSION = YES;
				CLANG_WARN_DEPRECATED_OBJC_IMPLEMENTATIONS = YES;
				CLANG_WARN_DIRECT_OBJC_ISA_USAGE = YES_ERROR;
				CLANG_WARN_DOCUMENTATION_COMMENTS = YES;
				CLANG_WARN_EMPTY_BODY = YES;
				CLANG_WARN_ENUM_CONVERSION = YES;
				CLANG_WARN_INFINITE_RECURSION = YES;
				CLANG_WARN_INT_CONVERSION = YES;
				CLANG_WARN_NON_LITERAL_NULL_CONVERSION = YES;
				CLANG_WARN_OBJC_IMPLICIT_RETAIN_SELF = YES;
				CLANG_WARN_OBJC_LITERAL_CONVERSION = YES;
				CLANG_WARN_OBJC_ROOT_CLASS = YES_ERROR;
				CLANG_WARN_QUOTED_INCLUDE_IN_FRAMEWORK_HEADER = YES;
				CLANG_WARN_RANGE_LOOP_ANALYSIS = YES;
				CLANG_WARN_STRICT_PROTOTYPES = YES;
				CLANG_WARN_SUSPICIOUS_MOVE = YES;
				CLANG_WARN_UNGUARDED_AVAILABILITY = YES_AGGRESSIVE;
				CLANG_WARN_UNREACHABLE_CODE = YES;
				CLANG_WARN__DUPLICATE_METHOD_MATCH = YES;
				COPY_PHASE_STRIP = NO;
				DEBUG_INFORMATION_FORMAT = "dwarf-with-dsym";
				ENABLE_NS_ASSERTIONS = NO;
				ENABLE_STRICT_OBJC_MSGSEND = YES;
				ENABLE_USER_SCRIPT_SANDBOXING = YES;
				GCC_C_LANGUAGE_STANDARD = gnu17;
				GCC_NO_COMMON_BLOCKS = YES;
				GCC_WARN_64_TO_32_BIT_CONVERSION = YES;
				GCC_WARN_ABOUT_RETURN_TYPE = YES_ERROR;
				GCC_WARN_UNDECLARED_SELECTOR = YES;
				GCC_WARN_UNINITIALIZED_AUTOS = YES_AGGRESSIVE;
				GCC_WARN_UNUSED_FUNCTION = YES;
				GCC_WARN_UNUSED_VARIABLE = YES;
				IPHONEOS_DEPLOYMENT_TARGET = 17.5;
				LOCALIZATION_PREFERS_STRING_CATALOGS = YES;
				MTL_ENABLE_DEBUG_INFO = NO;
				MTL_FAST_MATH = YES;
				SDKROOT = iphoneos;
				SWIFT_COMPILATION_MODE = wholemodule;
				VALIDATE_PRODUCT = YES;
			};
			name = Release;
		};
		3C2E90E92C2B23A20081F7B7 /* Debug */ = {
			isa = XCBuildConfiguration;
			buildSettings = {
				ASSETCATALOG_COMPILER_APPICON_NAME = AppIcon;
				ASSETCATALOG_COMPILER_GLOBAL_ACCENT_COLOR_NAME = AccentColor;
				CODE_SIGN_STYLE = Automatic;
				CURRENT_PROJECT_VERSION = 1;
				DEVELOPMENT_TEAM = 5VR55PX3MR;
				GENERATE_INFOPLIST_FILE = YES;
				INFOPLIST_FILE = Tracker/Info.plist;
				INFOPLIST_KEY_UIApplicationSupportsIndirectInputEvents = YES;
				INFOPLIST_KEY_UILaunchStoryboardName = LaunchScreen;
				INFOPLIST_KEY_UISupportedInterfaceOrientations_iPad = "UIInterfaceOrientationPortrait UIInterfaceOrientationPortraitUpsideDown UIInterfaceOrientationLandscapeLeft UIInterfaceOrientationLandscapeRight";
				INFOPLIST_KEY_UISupportedInterfaceOrientations_iPhone = "UIInterfaceOrientationPortrait UIInterfaceOrientationLandscapeLeft UIInterfaceOrientationLandscapeRight";
				IPHONEOS_DEPLOYMENT_TARGET = 13.4;
				LD_RUNPATH_SEARCH_PATHS = (
					"$(inherited)",
					"@executable_path/Frameworks",
				);
				MARKETING_VERSION = 1.0;
				PRODUCT_BUNDLE_IDENTIFIER = ru.PRO100COD3.Tracker;
				PRODUCT_NAME = "$(TARGET_NAME)";
				SWIFT_EMIT_LOC_STRINGS = YES;
				SWIFT_VERSION = 5.0;
				TARGETED_DEVICE_FAMILY = "1,2";
			};
			name = Debug;
		};
		3C2E90EA2C2B23A20081F7B7 /* Release */ = {
			isa = XCBuildConfiguration;
			buildSettings = {
				ASSETCATALOG_COMPILER_APPICON_NAME = AppIcon;
				ASSETCATALOG_COMPILER_GLOBAL_ACCENT_COLOR_NAME = AccentColor;
				CODE_SIGN_STYLE = Automatic;
				CURRENT_PROJECT_VERSION = 1;
				DEVELOPMENT_TEAM = 5VR55PX3MR;
				GENERATE_INFOPLIST_FILE = YES;
				INFOPLIST_FILE = Tracker/Info.plist;
				INFOPLIST_KEY_UIApplicationSupportsIndirectInputEvents = YES;
				INFOPLIST_KEY_UILaunchStoryboardName = LaunchScreen;
				INFOPLIST_KEY_UISupportedInterfaceOrientations_iPad = "UIInterfaceOrientationPortrait UIInterfaceOrientationPortraitUpsideDown UIInterfaceOrientationLandscapeLeft UIInterfaceOrientationLandscapeRight";
				INFOPLIST_KEY_UISupportedInterfaceOrientations_iPhone = "UIInterfaceOrientationPortrait UIInterfaceOrientationLandscapeLeft UIInterfaceOrientationLandscapeRight";
				IPHONEOS_DEPLOYMENT_TARGET = 13.4;
				LD_RUNPATH_SEARCH_PATHS = (
					"$(inherited)",
					"@executable_path/Frameworks",
				);
				MARKETING_VERSION = 1.0;
				PRODUCT_BUNDLE_IDENTIFIER = ru.PRO100COD3.Tracker;
				PRODUCT_NAME = "$(TARGET_NAME)";
				SWIFT_EMIT_LOC_STRINGS = YES;
				SWIFT_VERSION = 5.0;
				TARGETED_DEVICE_FAMILY = "1,2";
			};
			name = Release;
		};
		3C2E90EC2C2B23A20081F7B7 /* Debug */ = {
			isa = XCBuildConfiguration;
			buildSettings = {
				BUNDLE_LOADER = "$(TEST_HOST)";
				CODE_SIGN_STYLE = Automatic;
				CURRENT_PROJECT_VERSION = 1;
				DEVELOPMENT_TEAM = 5VR55PX3MR;
				GENERATE_INFOPLIST_FILE = YES;
				IPHONEOS_DEPLOYMENT_TARGET = 17.5;
				MARKETING_VERSION = 1.0;
				PRODUCT_BUNDLE_IDENTIFIER = ru.PRO100COD3.TrackerTests;
				PRODUCT_NAME = "$(TARGET_NAME)";
				SWIFT_EMIT_LOC_STRINGS = NO;
				SWIFT_VERSION = 5.0;
				TARGETED_DEVICE_FAMILY = "1,2";
				TEST_HOST = "$(BUILT_PRODUCTS_DIR)/Tracker.app/$(BUNDLE_EXECUTABLE_FOLDER_PATH)/Tracker";
			};
			name = Debug;
		};
		3C2E90ED2C2B23A20081F7B7 /* Release */ = {
			isa = XCBuildConfiguration;
			buildSettings = {
				BUNDLE_LOADER = "$(TEST_HOST)";
				CODE_SIGN_STYLE = Automatic;
				CURRENT_PROJECT_VERSION = 1;
				DEVELOPMENT_TEAM = 5VR55PX3MR;
				GENERATE_INFOPLIST_FILE = YES;
				IPHONEOS_DEPLOYMENT_TARGET = 17.5;
				MARKETING_VERSION = 1.0;
				PRODUCT_BUNDLE_IDENTIFIER = ru.PRO100COD3.TrackerTests;
				PRODUCT_NAME = "$(TARGET_NAME)";
				SWIFT_EMIT_LOC_STRINGS = NO;
				SWIFT_VERSION = 5.0;
				TARGETED_DEVICE_FAMILY = "1,2";
				TEST_HOST = "$(BUILT_PRODUCTS_DIR)/Tracker.app/$(BUNDLE_EXECUTABLE_FOLDER_PATH)/Tracker";
			};
			name = Release;
		};
		3C2E90EF2C2B23A20081F7B7 /* Debug */ = {
			isa = XCBuildConfiguration;
			buildSettings = {
				CODE_SIGN_STYLE = Automatic;
				CURRENT_PROJECT_VERSION = 1;
				DEVELOPMENT_TEAM = 5VR55PX3MR;
				GENERATE_INFOPLIST_FILE = YES;
				MARKETING_VERSION = 1.0;
				PRODUCT_BUNDLE_IDENTIFIER = ru.PRO100COD3.TrackerUITests;
				PRODUCT_NAME = "$(TARGET_NAME)";
				SWIFT_EMIT_LOC_STRINGS = NO;
				SWIFT_VERSION = 5.0;
				TARGETED_DEVICE_FAMILY = "1,2";
				TEST_TARGET_NAME = Tracker;
			};
			name = Debug;
		};
		3C2E90F02C2B23A20081F7B7 /* Release */ = {
			isa = XCBuildConfiguration;
			buildSettings = {
				CODE_SIGN_STYLE = Automatic;
				CURRENT_PROJECT_VERSION = 1;
				DEVELOPMENT_TEAM = 5VR55PX3MR;
				GENERATE_INFOPLIST_FILE = YES;
				MARKETING_VERSION = 1.0;
				PRODUCT_BUNDLE_IDENTIFIER = ru.PRO100COD3.TrackerUITests;
				PRODUCT_NAME = "$(TARGET_NAME)";
				SWIFT_EMIT_LOC_STRINGS = NO;
				SWIFT_VERSION = 5.0;
				TARGETED_DEVICE_FAMILY = "1,2";
				TEST_TARGET_NAME = Tracker;
			};
			name = Release;
		};
/* End XCBuildConfiguration section */

/* Begin XCConfigurationList section */
		3C2E90B92C2B23A00081F7B7 /* Build configuration list for PBXProject "Tracker" */ = {
			isa = XCConfigurationList;
			buildConfigurations = (
				3C2E90E62C2B23A20081F7B7 /* Debug */,
				3C2E90E72C2B23A20081F7B7 /* Release */,
			);
			defaultConfigurationIsVisible = 0;
			defaultConfigurationName = Release;
		};
		3C2E90E82C2B23A20081F7B7 /* Build configuration list for PBXNativeTarget "Tracker" */ = {
			isa = XCConfigurationList;
			buildConfigurations = (
				3C2E90E92C2B23A20081F7B7 /* Debug */,
				3C2E90EA2C2B23A20081F7B7 /* Release */,
			);
			defaultConfigurationIsVisible = 0;
			defaultConfigurationName = Release;
		};
		3C2E90EB2C2B23A20081F7B7 /* Build configuration list for PBXNativeTarget "TrackerTests" */ = {
			isa = XCConfigurationList;
			buildConfigurations = (
				3C2E90EC2C2B23A20081F7B7 /* Debug */,
				3C2E90ED2C2B23A20081F7B7 /* Release */,
			);
			defaultConfigurationIsVisible = 0;
			defaultConfigurationName = Release;
		};
		3C2E90EE2C2B23A20081F7B7 /* Build configuration list for PBXNativeTarget "TrackerUITests" */ = {
			isa = XCConfigurationList;
			buildConfigurations = (
				3C2E90EF2C2B23A20081F7B7 /* Debug */,
				3C2E90F02C2B23A20081F7B7 /* Release */,
			);
			defaultConfigurationIsVisible = 0;
			defaultConfigurationName = Release;
		};
/* End XCConfigurationList section */

/* Begin XCRemoteSwiftPackageReference section */
		3CE1CB152C49C48F007E96CB /* XCRemoteSwiftPackageReference "SwiftLint" */ = {
			isa = XCRemoteSwiftPackageReference;
			repositoryURL = "https://github.com/realm/SwiftLint";
			requirement = {
				kind = upToNextMajorVersion;
				minimumVersion = 0.55.1;
			};
		};
/* End XCRemoteSwiftPackageReference section */

/* Begin XCVersionGroup section */
		3CDE2FC82CA0E64400FD3D06 /* Model.xcdatamodeld */ = {
			isa = XCVersionGroup;
			children = (
				3CDE2FC92CA0E64400FD3D06 /* Model.xcdatamodel */,
			);
			currentVersion = 3CDE2FC92CA0E64400FD3D06 /* Model.xcdatamodel */;
			path = Model.xcdatamodeld;
			sourceTree = "<group>";
			versionGroupType = wrapper.xcdatamodel;
		};
/* End XCVersionGroup section */
	};
	rootObject = 3C2E90B62C2B23A00081F7B7 /* Project object */;
}
